// !$*UTF8*$!
{
	archiveVersion = 1;
	classes = {
	};
	objectVersion = 55;
	objects = {

/* Begin PBXBuildFile section */
		08C0C6F7E794D6E90D6921BF /* Pods_DailyTwoDo.framework in Frameworks */ = {isa = PBXBuildFile; fileRef = 16F5FF5128DE37CA0106F246 /* Pods_DailyTwoDo.framework */; };
		6ADC86472807EBAB00F7D3A0 /* WorksCoreData.xcdatamodeld in Sources */ = {isa = PBXBuildFile; fileRef = 6ADC86452807EBAB00F7D3A0 /* WorksCoreData.xcdatamodeld */; };
		6AE6687E280800D700FB944A /* CoreDataManager.swift in Sources */ = {isa = PBXBuildFile; fileRef = 6AE6687D280800D700FB944A /* CoreDataManager.swift */; };
		6AE668A4280D3E7700FB944A /* Status.swift in Sources */ = {isa = PBXBuildFile; fileRef = 6AE668A3280D3E7700FB944A /* Status.swift */; };
		6AE668A9280D4BCE00FB944A /* DayMo+CoreDataProperties.swift in Sources */ = {isa = PBXBuildFile; fileRef = 6AE668A6280D4BCE00FB944A /* DayMo+CoreDataProperties.swift */; };
		6AE668AA280D4BCE00FB944A /* DayMo+CoreDataClass.swift in Sources */ = {isa = PBXBuildFile; fileRef = 6AE668A8280D4BCE00FB944A /* DayMo+CoreDataClass.swift */; };
		6AE668AB280D4BCE00FB944A /* WorkMo+CoreDataClass.swift in Sources */ = {isa = PBXBuildFile; fileRef = 6AE668A5280D4BCE00FB944A /* WorkMo+CoreDataClass.swift */; };
		6AE668AC280D4BCE00FB944A /* WorkMo+CoreDataProperties.swift in Sources */ = {isa = PBXBuildFile; fileRef = 6AE668A7280D4BCE00FB944A /* WorkMo+CoreDataProperties.swift */; };
		6AFC67C32806877100E6EF56 /* AppDelegate.swift in Sources */ = {isa = PBXBuildFile; fileRef = 6AFC67C22806877100E6EF56 /* AppDelegate.swift */; };
		6AFC67C52806877100E6EF56 /* SceneDelegate.swift in Sources */ = {isa = PBXBuildFile; fileRef = 6AFC67C42806877100E6EF56 /* SceneDelegate.swift */; };
		6AFC67C72806877100E6EF56 /* DayWorksViewController.swift in Sources */ = {isa = PBXBuildFile; fileRef = 6AFC67C62806877100E6EF56 /* DayWorksViewController.swift */; };
		6AFC67CA2806877100E6EF56 /* Main.storyboard in Resources */ = {isa = PBXBuildFile; fileRef = 6AFC67C82806877100E6EF56 /* Main.storyboard */; };
		6AFC67CC2806877600E6EF56 /* Assets.xcassets in Resources */ = {isa = PBXBuildFile; fileRef = 6AFC67CB2806877600E6EF56 /* Assets.xcassets */; };
		6AFC67CF2806877600E6EF56 /* LaunchScreen.storyboard in Resources */ = {isa = PBXBuildFile; fileRef = 6AFC67CD2806877600E6EF56 /* LaunchScreen.storyboard */; };
		6AFC67D72806972D00E6EF56 /* DayWorksTableViewCell.swift in Sources */ = {isa = PBXBuildFile; fileRef = 6AFC67D62806972D00E6EF56 /* DayWorksTableViewCell.swift */; };
/* End PBXBuildFile section */

/* Begin PBXFileReference section */
		16F5FF5128DE37CA0106F246 /* Pods_DailyTwoDo.framework */ = {isa = PBXFileReference; explicitFileType = wrapper.framework; includeInIndex = 0; path = Pods_DailyTwoDo.framework; sourceTree = BUILT_PRODUCTS_DIR; };
		43590CD87B9859E7B5015FFB /* Pods-DailyTwoDo.debug.xcconfig */ = {isa = PBXFileReference; includeInIndex = 1; lastKnownFileType = text.xcconfig; name = "Pods-DailyTwoDo.debug.xcconfig"; path = "Target Support Files/Pods-DailyTwoDo/Pods-DailyTwoDo.debug.xcconfig"; sourceTree = "<group>"; };
		555D6047AF7B4D9C50AED72E /* Pods-DailyTwoDo.release.xcconfig */ = {isa = PBXFileReference; includeInIndex = 1; lastKnownFileType = text.xcconfig; name = "Pods-DailyTwoDo.release.xcconfig"; path = "Target Support Files/Pods-DailyTwoDo/Pods-DailyTwoDo.release.xcconfig"; sourceTree = "<group>"; };
		6ADC86462807EBAB00F7D3A0 /* WorksCoreData.xcdatamodel */ = {isa = PBXFileReference; lastKnownFileType = wrapper.xcdatamodel; path = WorksCoreData.xcdatamodel; sourceTree = "<group>"; };
		6AE6687D280800D700FB944A /* CoreDataManager.swift */ = {isa = PBXFileReference; lastKnownFileType = sourcecode.swift; path = CoreDataManager.swift; sourceTree = "<group>"; };
		6AE668A3280D3E7700FB944A /* Status.swift */ = {isa = PBXFileReference; lastKnownFileType = sourcecode.swift; path = Status.swift; sourceTree = "<group>"; };
		6AE668A5280D4BCE00FB944A /* WorkMo+CoreDataClass.swift */ = {isa = PBXFileReference; lastKnownFileType = sourcecode.swift; name = "WorkMo+CoreDataClass.swift"; path = "/Users/wgyang/DailyTwoDo/CoreData/WorkMo+CoreDataClass.swift"; sourceTree = "<absolute>"; };
		6AE668A6280D4BCE00FB944A /* DayMo+CoreDataProperties.swift */ = {isa = PBXFileReference; lastKnownFileType = sourcecode.swift; name = "DayMo+CoreDataProperties.swift"; path = "/Users/wgyang/DailyTwoDo/CoreData/DayMo+CoreDataProperties.swift"; sourceTree = "<absolute>"; };
		6AE668A7280D4BCE00FB944A /* WorkMo+CoreDataProperties.swift */ = {isa = PBXFileReference; lastKnownFileType = sourcecode.swift; name = "WorkMo+CoreDataProperties.swift"; path = "/Users/wgyang/DailyTwoDo/CoreData/WorkMo+CoreDataProperties.swift"; sourceTree = "<absolute>"; };
		6AE668A8280D4BCE00FB944A /* DayMo+CoreDataClass.swift */ = {isa = PBXFileReference; lastKnownFileType = sourcecode.swift; name = "DayMo+CoreDataClass.swift"; path = "/Users/wgyang/DailyTwoDo/CoreData/DayMo+CoreDataClass.swift"; sourceTree = "<absolute>"; };
		6AFC67BF2806877100E6EF56 /* DailyTwoDo.app */ = {isa = PBXFileReference; explicitFileType = wrapper.application; includeInIndex = 0; path = DailyTwoDo.app; sourceTree = BUILT_PRODUCTS_DIR; };
		6AFC67C22806877100E6EF56 /* AppDelegate.swift */ = {isa = PBXFileReference; lastKnownFileType = sourcecode.swift; path = AppDelegate.swift; sourceTree = "<group>"; };
		6AFC67C42806877100E6EF56 /* SceneDelegate.swift */ = {isa = PBXFileReference; lastKnownFileType = sourcecode.swift; path = SceneDelegate.swift; sourceTree = "<group>"; };
		6AFC67C62806877100E6EF56 /* DayWorksViewController.swift */ = {isa = PBXFileReference; lastKnownFileType = sourcecode.swift; path = DayWorksViewController.swift; sourceTree = "<group>"; };
		6AFC67C92806877100E6EF56 /* Base */ = {isa = PBXFileReference; lastKnownFileType = file.storyboard; name = Base; path = Base.lproj/Main.storyboard; sourceTree = "<group>"; };
		6AFC67CB2806877600E6EF56 /* Assets.xcassets */ = {isa = PBXFileReference; lastKnownFileType = folder.assetcatalog; path = Assets.xcassets; sourceTree = "<group>"; };
		6AFC67CE2806877600E6EF56 /* Base */ = {isa = PBXFileReference; lastKnownFileType = file.storyboard; name = Base; path = Base.lproj/LaunchScreen.storyboard; sourceTree = "<group>"; };
		6AFC67D02806877600E6EF56 /* Info.plist */ = {isa = PBXFileReference; lastKnownFileType = text.plist.xml; path = Info.plist; sourceTree = "<group>"; };
		6AFC67D62806972D00E6EF56 /* DayWorksTableViewCell.swift */ = {isa = PBXFileReference; lastKnownFileType = sourcecode.swift; path = DayWorksTableViewCell.swift; sourceTree = "<group>"; };
/* End PBXFileReference section */

/* Begin PBXFrameworksBuildPhase section */
		6AFC67BC2806877100E6EF56 /* Frameworks */ = {
			isa = PBXFrameworksBuildPhase;
			buildActionMask = 2147483647;
			files = (
				08C0C6F7E794D6E90D6921BF /* Pods_DailyTwoDo.framework in Frameworks */,
			);
			runOnlyForDeploymentPostprocessing = 0;
		};
/* End PBXFrameworksBuildPhase section */

/* Begin PBXGroup section */
		5543525A826F022C5924773C /* Pods */ = {
			isa = PBXGroup;
			children = (
				43590CD87B9859E7B5015FFB /* Pods-DailyTwoDo.debug.xcconfig */,
				555D6047AF7B4D9C50AED72E /* Pods-DailyTwoDo.release.xcconfig */,
			);
			path = Pods;
			sourceTree = "<group>";
		};
		6ADC86502807ED4200F7D3A0 /* CoreData */ = {
			isa = PBXGroup;
			children = (
				6AE668A5280D4BCE00FB944A /* WorkMo+CoreDataClass.swift */,
				6AE668A7280D4BCE00FB944A /* WorkMo+CoreDataProperties.swift */,
				6AE668A8280D4BCE00FB944A /* DayMo+CoreDataClass.swift */,
				6AE668A6280D4BCE00FB944A /* DayMo+CoreDataProperties.swift */,
				6ADC86452807EBAB00F7D3A0 /* WorksCoreData.xcdatamodeld */,
				6AE6687D280800D700FB944A /* CoreDataManager.swift */,
				6AE668A3280D3E7700FB944A /* Status.swift */,
			);
			path = CoreData;
			sourceTree = "<group>";
		};
		6AFC67B62806877100E6EF56 = {
			isa = PBXGroup;
			children = (
				6ADC86502807ED4200F7D3A0 /* CoreData */,
				6AFC67C12806877100E6EF56 /* DailyTwoDo */,
				6AFC67C02806877100E6EF56 /* Products */,
				5543525A826F022C5924773C /* Pods */,
				FDFB800D939577A66581ED5A /* Frameworks */,
			);
			sourceTree = "<group>";
		};
		6AFC67C02806877100E6EF56 /* Products */ = {
			isa = PBXGroup;
			children = (
				6AFC67BF2806877100E6EF56 /* DailyTwoDo.app */,
			);
			name = Products;
			sourceTree = "<group>";
		};
		6AFC67C12806877100E6EF56 /* DailyTwoDo */ = {
			isa = PBXGroup;
			children = (
				6AFC67C22806877100E6EF56 /* AppDelegate.swift */,
				6AFC67C42806877100E6EF56 /* SceneDelegate.swift */,
				6AFC67C82806877100E6EF56 /* Main.storyboard */,
				6AFC67CB2806877600E6EF56 /* Assets.xcassets */,
				6AFC67CD2806877600E6EF56 /* LaunchScreen.storyboard */,
				6AFC67D02806877600E6EF56 /* Info.plist */,
				6AFC67D8280698A700E6EF56 /* DayWorksView */,
			);
			path = DailyTwoDo;
			sourceTree = "<group>";
		};
		6AFC67D8280698A700E6EF56 /* DayWorksView */ = {
			isa = PBXGroup;
			children = (
				6AFC67C62806877100E6EF56 /* DayWorksViewController.swift */,
				6AFC67D62806972D00E6EF56 /* DayWorksTableViewCell.swift */,
			);
			path = DayWorksView;
			sourceTree = "<group>";
		};
		FDFB800D939577A66581ED5A /* Frameworks */ = {
			isa = PBXGroup;
			children = (
				16F5FF5128DE37CA0106F246 /* Pods_DailyTwoDo.framework */,
			);
			name = Frameworks;
			sourceTree = "<group>";
		};
/* End PBXGroup section */

/* Begin PBXNativeTarget section */
		6AFC67BE2806877100E6EF56 /* DailyTwoDo */ = {
			isa = PBXNativeTarget;
			buildConfigurationList = 6AFC67D32806877600E6EF56 /* Build configuration list for PBXNativeTarget "DailyTwoDo" */;
			buildPhases = (
				BD8090C43BA65EAB88F6F1EB /* [CP] Check Pods Manifest.lock */,
				6AFC67BB2806877100E6EF56 /* Sources */,
				6AFC67BC2806877100E6EF56 /* Frameworks */,
				6AFC67BD2806877100E6EF56 /* Resources */,
				67DE067E8D02F75F2242FCEC /* [CP] Embed Pods Frameworks */,
			);
			buildRules = (
			);
			dependencies = (
			);
			name = DailyTwoDo;
			productName = DailyTwoDo;
			productReference = 6AFC67BF2806877100E6EF56 /* DailyTwoDo.app */;
			productType = "com.apple.product-type.application";
		};
/* End PBXNativeTarget section */

/* Begin PBXProject section */
		6AFC67B72806877100E6EF56 /* Project object */ = {
			isa = PBXProject;
			attributes = {
				BuildIndependentTargetsInParallel = 1;
				LastSwiftUpdateCheck = 1330;
				LastUpgradeCheck = 1330;
				TargetAttributes = {
					6AFC67BE2806877100E6EF56 = {
						CreatedOnToolsVersion = 13.3.1;
					};
				};
			};
			buildConfigurationList = 6AFC67BA2806877100E6EF56 /* Build configuration list for PBXProject "DailyTwoDo" */;
			compatibilityVersion = "Xcode 13.0";
			developmentRegion = en;
			hasScannedForEncodings = 0;
			knownRegions = (
				en,
				Base,
			);
			mainGroup = 6AFC67B62806877100E6EF56;
			productRefGroup = 6AFC67C02806877100E6EF56 /* Products */;
			projectDirPath = "";
			projectRoot = "";
			targets = (
				6AFC67BE2806877100E6EF56 /* DailyTwoDo */,
			);
		};
/* End PBXProject section */

/* Begin PBXResourcesBuildPhase section */
		6AFC67BD2806877100E6EF56 /* Resources */ = {
			isa = PBXResourcesBuildPhase;
			buildActionMask = 2147483647;
			files = (
				6AFC67CF2806877600E6EF56 /* LaunchScreen.storyboard in Resources */,
				6AFC67CC2806877600E6EF56 /* Assets.xcassets in Resources */,
				6AFC67CA2806877100E6EF56 /* Main.storyboard in Resources */,
			);
			runOnlyForDeploymentPostprocessing = 0;
		};
/* End PBXResourcesBuildPhase section */

/* Begin PBXShellScriptBuildPhase section */
		67DE067E8D02F75F2242FCEC /* [CP] Embed Pods Frameworks */ = {
			isa = PBXShellScriptBuildPhase;
			buildActionMask = 2147483647;
			files = (
			);
			inputFileListPaths = (
				"${PODS_ROOT}/Target Support Files/Pods-DailyTwoDo/Pods-DailyTwoDo-frameworks-${CONFIGURATION}-input-files.xcfilelist",
			);
			name = "[CP] Embed Pods Frameworks";
			outputFileListPaths = (
				"${PODS_ROOT}/Target Support Files/Pods-DailyTwoDo/Pods-DailyTwoDo-frameworks-${CONFIGURATION}-output-files.xcfilelist",
			);
			runOnlyForDeploymentPostprocessing = 0;
			shellPath = /bin/sh;
			shellScript = "\"${PODS_ROOT}/Target Support Files/Pods-DailyTwoDo/Pods-DailyTwoDo-frameworks.sh\"\n";
			showEnvVarsInLog = 0;
		};
		BD8090C43BA65EAB88F6F1EB /* [CP] Check Pods Manifest.lock */ = {
			isa = PBXShellScriptBuildPhase;
			buildActionMask = 2147483647;
			files = (
			);
			inputFileListPaths = (
			);
			inputPaths = (
				"${PODS_PODFILE_DIR_PATH}/Podfile.lock",
				"${PODS_ROOT}/Manifest.lock",
			);
			name = "[CP] Check Pods Manifest.lock";
			outputFileListPaths = (
			);
			outputPaths = (
				"$(DERIVED_FILE_DIR)/Pods-DailyTwoDo-checkManifestLockResult.txt",
			);
			runOnlyForDeploymentPostprocessing = 0;
			shellPath = /bin/sh;
			shellScript = "diff \"${PODS_PODFILE_DIR_PATH}/Podfile.lock\" \"${PODS_ROOT}/Manifest.lock\" > /dev/null\nif [ $? != 0 ] ; then\n    # print error to STDERR\n    echo \"error: The sandbox is not in sync with the Podfile.lock. Run 'pod install' or update your CocoaPods installation.\" >&2\n    exit 1\nfi\n# This output is used by Xcode 'outputs' to avoid re-running this script phase.\necho \"SUCCESS\" > \"${SCRIPT_OUTPUT_FILE_0}\"\n";
			showEnvVarsInLog = 0;
		};
/* End PBXShellScriptBuildPhase section */

/* Begin PBXSourcesBuildPhase section */
		6AFC67BB2806877100E6EF56 /* Sources */ = {
			isa = PBXSourcesBuildPhase;
			buildActionMask = 2147483647;
			files = (
				6AE668AA280D4BCE00FB944A /* DayMo+CoreDataClass.swift in Sources */,
				6AE668AC280D4BCE00FB944A /* WorkMo+CoreDataProperties.swift in Sources */,
				6ADC86472807EBAB00F7D3A0 /* WorksCoreData.xcdatamodeld in Sources */,
				6AE668AB280D4BCE00FB944A /* WorkMo+CoreDataClass.swift in Sources */,
				6AFC67D72806972D00E6EF56 /* DayWorksTableViewCell.swift in Sources */,
				6AFC67C72806877100E6EF56 /* DayWorksViewController.swift in Sources */,
				6AE668A4280D3E7700FB944A /* Status.swift in Sources */,
				6AFC67C32806877100E6EF56 /* AppDelegate.swift in Sources */,
				6AFC67C52806877100E6EF56 /* SceneDelegate.swift in Sources */,
				6AE668A9280D4BCE00FB944A /* DayMo+CoreDataProperties.swift in Sources */,
				6AE6687E280800D700FB944A /* CoreDataManager.swift in Sources */,
			);
			runOnlyForDeploymentPostprocessing = 0;
		};
/* End PBXSourcesBuildPhase section */

/* Begin PBXVariantGroup section */
		6AFC67C82806877100E6EF56 /* Main.storyboard */ = {
			isa = PBXVariantGroup;
			children = (
				6AFC67C92806877100E6EF56 /* Base */,
			);
			name = Main.storyboard;
			sourceTree = "<group>";
		};
		6AFC67CD2806877600E6EF56 /* LaunchScreen.storyboard */ = {
			isa = PBXVariantGroup;
			children = (
				6AFC67CE2806877600E6EF56 /* Base */,
			);
			name = LaunchScreen.storyboard;
			sourceTree = "<group>";
		};
/* End PBXVariantGroup section */

/* Begin XCBuildConfiguration section */
		6AFC67D12806877600E6EF56 /* Debug */ = {
			isa = XCBuildConfiguration;
			buildSettings = {
				ALWAYS_SEARCH_USER_PATHS = NO;
				CLANG_ANALYZER_NONNULL = YES;
				CLANG_ANALYZER_NUMBER_OBJECT_CONVERSION = YES_AGGRESSIVE;
				CLANG_CXX_LANGUAGE_STANDARD = "gnu++17";
				CLANG_ENABLE_MODULES = YES;
				CLANG_ENABLE_OBJC_ARC = YES;
				CLANG_ENABLE_OBJC_WEAK = YES;
				CLANG_WARN_BLOCK_CAPTURE_AUTORELEASING = YES;
				CLANG_WARN_BOOL_CONVERSION = YES;
				CLANG_WARN_COMMA = YES;
				CLANG_WARN_CONSTANT_CONVERSION = YES;
				CLANG_WARN_DEPRECATED_OBJC_IMPLEMENTATIONS = YES;
				CLANG_WARN_DIRECT_OBJC_ISA_USAGE = YES_ERROR;
				CLANG_WARN_DOCUMENTATION_COMMENTS = YES;
				CLANG_WARN_EMPTY_BODY = YES;
				CLANG_WARN_ENUM_CONVERSION = YES;
				CLANG_WARN_INFINITE_RECURSION = YES;
				CLANG_WARN_INT_CONVERSION = YES;
				CLANG_WARN_NON_LITERAL_NULL_CONVERSION = YES;
				CLANG_WARN_OBJC_IMPLICIT_RETAIN_SELF = YES;
				CLANG_WARN_OBJC_LITERAL_CONVERSION = YES;
				CLANG_WARN_OBJC_ROOT_CLASS = YES_ERROR;
				CLANG_WARN_QUOTED_INCLUDE_IN_FRAMEWORK_HEADER = YES;
				CLANG_WARN_RANGE_LOOP_ANALYSIS = YES;
				CLANG_WARN_STRICT_PROTOTYPES = YES;
				CLANG_WARN_SUSPICIOUS_MOVE = YES;
				CLANG_WARN_UNGUARDED_AVAILABILITY = YES_AGGRESSIVE;
				CLANG_WARN_UNREACHABLE_CODE = YES;
				CLANG_WARN__DUPLICATE_METHOD_MATCH = YES;
				COPY_PHASE_STRIP = NO;
				DEBUG_INFORMATION_FORMAT = dwarf;
				ENABLE_STRICT_OBJC_MSGSEND = YES;
				ENABLE_TESTABILITY = YES;
				GCC_C_LANGUAGE_STANDARD = gnu11;
				GCC_DYNAMIC_NO_PIC = NO;
				GCC_NO_COMMON_BLOCKS = YES;
				GCC_OPTIMIZATION_LEVEL = 0;
				GCC_PREPROCESSOR_DEFINITIONS = (
					"DEBUG=1",
					"$(inherited)",
				);
				GCC_WARN_64_TO_32_BIT_CONVERSION = YES;
				GCC_WARN_ABOUT_RETURN_TYPE = YES_ERROR;
				GCC_WARN_UNDECLARED_SELECTOR = YES;
				GCC_WARN_UNINITIALIZED_AUTOS = YES_AGGRESSIVE;
				GCC_WARN_UNUSED_FUNCTION = YES;
				GCC_WARN_UNUSED_VARIABLE = YES;
				IPHONEOS_DEPLOYMENT_TARGET = 15.0;
				MTL_ENABLE_DEBUG_INFO = INCLUDE_SOURCE;
				MTL_FAST_MATH = YES;
				ONLY_ACTIVE_ARCH = YES;
				SDKROOT = iphoneos;
				SWIFT_ACTIVE_COMPILATION_CONDITIONS = DEBUG;
				SWIFT_OPTIMIZATION_LEVEL = "-Onone";
			};
			name = Debug;
		};
		6AFC67D22806877600E6EF56 /* Release */ = {
			isa = XCBuildConfiguration;
			buildSettings = {
				ALWAYS_SEARCH_USER_PATHS = NO;
				CLANG_ANALYZER_NONNULL = YES;
				CLANG_ANALYZER_NUMBER_OBJECT_CONVERSION = YES_AGGRESSIVE;
				CLANG_CXX_LANGUAGE_STANDARD = "gnu++17";
				CLANG_ENABLE_MODULES = YES;
				CLANG_ENABLE_OBJC_ARC = YES;
				CLANG_ENABLE_OBJC_WEAK = YES;
				CLANG_WARN_BLOCK_CAPTURE_AUTORELEASING = YES;
				CLANG_WARN_BOOL_CONVERSION = YES;
				CLANG_WARN_COMMA = YES;
				CLANG_WARN_CONSTANT_CONVERSION = YES;
				CLANG_WARN_DEPRECATED_OBJC_IMPLEMENTATIONS = YES;
				CLANG_WARN_DIRECT_OBJC_ISA_USAGE = YES_ERROR;
				CLANG_WARN_DOCUMENTATION_COMMENTS = YES;
				CLANG_WARN_EMPTY_BODY = YES;
				CLANG_WARN_ENUM_CONVERSION = YES;
				CLANG_WARN_INFINITE_RECURSION = YES;
				CLANG_WARN_INT_CONVERSION = YES;
				CLANG_WARN_NON_LITERAL_NULL_CONVERSION = YES;
				CLANG_WARN_OBJC_IMPLICIT_RETAIN_SELF = YES;
				CLANG_WARN_OBJC_LITERAL_CONVERSION = YES;
				CLANG_WARN_OBJC_ROOT_CLASS = YES_ERROR;
				CLANG_WARN_QUOTED_INCLUDE_IN_FRAMEWORK_HEADER = YES;
				CLANG_WARN_RANGE_LOOP_ANALYSIS = YES;
				CLANG_WARN_STRICT_PROTOTYPES = YES;
				CLANG_WARN_SUSPICIOUS_MOVE = YES;
				CLANG_WARN_UNGUARDED_AVAILABILITY = YES_AGGRESSIVE;
				CLANG_WARN_UNREACHABLE_CODE = YES;
				CLANG_WARN__DUPLICATE_METHOD_MATCH = YES;
				COPY_PHASE_STRIP = NO;
				DEBUG_INFORMATION_FORMAT = "dwarf-with-dsym";
				ENABLE_NS_ASSERTIONS = NO;
				ENABLE_STRICT_OBJC_MSGSEND = YES;
				GCC_C_LANGUAGE_STANDARD = gnu11;
				GCC_NO_COMMON_BLOCKS = YES;
				GCC_WARN_64_TO_32_BIT_CONVERSION = YES;
				GCC_WARN_ABOUT_RETURN_TYPE = YES_ERROR;
				GCC_WARN_UNDECLARED_SELECTOR = YES;
				GCC_WARN_UNINITIALIZED_AUTOS = YES_AGGRESSIVE;
				GCC_WARN_UNUSED_FUNCTION = YES;
				GCC_WARN_UNUSED_VARIABLE = YES;
				IPHONEOS_DEPLOYMENT_TARGET = 15.0;
				MTL_ENABLE_DEBUG_INFO = NO;
				MTL_FAST_MATH = YES;
				SDKROOT = iphoneos;
				SWIFT_COMPILATION_MODE = wholemodule;
				SWIFT_OPTIMIZATION_LEVEL = "-O";
				VALIDATE_PRODUCT = YES;
			};
			name = Release;
		};
		6AFC67D42806877600E6EF56 /* Debug */ = {
			isa = XCBuildConfiguration;
			baseConfigurationReference = 43590CD87B9859E7B5015FFB /* Pods-DailyTwoDo.debug.xcconfig */;
			buildSettings = {
				ASSETCATALOG_COMPILER_APPICON_NAME = AppIcon;
				ASSETCATALOG_COMPILER_GLOBAL_ACCENT_COLOR_NAME = AccentColor;
				CODE_SIGN_STYLE = Automatic;
				CURRENT_PROJECT_VERSION = 1;
				DEVELOPMENT_TEAM = WRMZ68J9BN;
				GENERATE_INFOPLIST_FILE = YES;
				INFOPLIST_FILE = DailyTwoDo/Info.plist;
				INFOPLIST_KEY_UIApplicationSupportsIndirectInputEvents = YES;
				INFOPLIST_KEY_UILaunchStoryboardName = LaunchScreen;
				INFOPLIST_KEY_UIMainStoryboardFile = Main;
				INFOPLIST_KEY_UISupportedInterfaceOrientations_iPad = "UIInterfaceOrientationPortrait UIInterfaceOrientationPortraitUpsideDown UIInterfaceOrientationLandscapeLeft UIInterfaceOrientationLandscapeRight";
				INFOPLIST_KEY_UISupportedInterfaceOrientations_iPhone = "UIInterfaceOrientationPortrait UIInterfaceOrientationLandscapeLeft UIInterfaceOrientationLandscapeRight";
				IPHONEOS_DEPLOYMENT_TARGET = 15.0;
				LD_RUNPATH_SEARCH_PATHS = (
					"$(inherited)",
					"@executable_path/Frameworks",
				);
				MARKETING_VERSION = 1.0;
				PRODUCT_BUNDLE_IDENTIFIER = wgyang.DailyTwoDo;
				PRODUCT_NAME = "$(TARGET_NAME)";
				SWIFT_EMIT_LOC_STRINGS = YES;
				SWIFT_VERSION = 5.0;
				TARGETED_DEVICE_FAMILY = "1,2";
			};
			name = Debug;
		};
		6AFC67D52806877600E6EF56 /* Release */ = {
			isa = XCBuildConfiguration;
			baseConfigurationReference = 555D6047AF7B4D9C50AED72E /* Pods-DailyTwoDo.release.xcconfig */;
			buildSettings = {
				ASSETCATALOG_COMPILER_APPICON_NAME = AppIcon;
				ASSETCATALOG_COMPILER_GLOBAL_ACCENT_COLOR_NAME = AccentColor;
				CODE_SIGN_STYLE = Automatic;
				CURRENT_PROJECT_VERSION = 1;
				DEVELOPMENT_TEAM = WRMZ68J9BN;
				GENERATE_INFOPLIST_FILE = YES;
				INFOPLIST_FILE = DailyTwoDo/Info.plist;
				INFOPLIST_KEY_UIApplicationSupportsIndirectInputEvents = YES;
				INFOPLIST_KEY_UILaunchStoryboardName = LaunchScreen;
				INFOPLIST_KEY_UIMainStoryboardFile = Main;
				INFOPLIST_KEY_UISupportedInterfaceOrientations_iPad = "UIInterfaceOrientationPortrait UIInterfaceOrientationPortraitUpsideDown UIInterfaceOrientationLandscapeLeft UIInterfaceOrientationLandscapeRight";
				INFOPLIST_KEY_UISupportedInterfaceOrientations_iPhone = "UIInterfaceOrientationPortrait UIInterfaceOrientationLandscapeLeft UIInterfaceOrientationLandscapeRight";
				IPHONEOS_DEPLOYMENT_TARGET = 15.0;
				LD_RUNPATH_SEARCH_PATHS = (
					"$(inherited)",
					"@executable_path/Frameworks",
				);
				MARKETING_VERSION = 1.0;
				PRODUCT_BUNDLE_IDENTIFIER = wgyang.DailyTwoDo;
				PRODUCT_NAME = "$(TARGET_NAME)";
				SWIFT_EMIT_LOC_STRINGS = YES;
				SWIFT_VERSION = 5.0;
				TARGETED_DEVICE_FAMILY = "1,2";
			};
			name = Release;
		};
/* End XCBuildConfiguration section */

/* Begin XCConfigurationList section */
		6AFC67BA2806877100E6EF56 /* Build configuration list for PBXProject "DailyTwoDo" */ = {
			isa = XCConfigurationList;
			buildConfigurations = (
				6AFC67D12806877600E6EF56 /* Debug */,
				6AFC67D22806877600E6EF56 /* Release */,
			);
			defaultConfigurationIsVisible = 0;
			defaultConfigurationName = Release;
		};
		6AFC67D32806877600E6EF56 /* Build configuration list for PBXNativeTarget "DailyTwoDo" */ = {
			isa = XCConfigurationList;
			buildConfigurations = (
				6AFC67D42806877600E6EF56 /* Debug */,
				6AFC67D52806877600E6EF56 /* Release */,
			);
			defaultConfigurationIsVisible = 0;
			defaultConfigurationName = Release;
		};
/* End XCConfigurationList section */

/* Begin XCVersionGroup section */
		6ADC86452807EBAB00F7D3A0 /* WorksCoreData.xcdatamodeld */ = {
			isa = XCVersionGroup;
			children = (
				6ADC86462807EBAB00F7D3A0 /* WorksCoreData.xcdatamodel */,
			);
			currentVersion = 6ADC86462807EBAB00F7D3A0 /* WorksCoreData.xcdatamodel */;
			path = WorksCoreData.xcdatamodeld;
			sourceTree = "<group>";
			versionGroupType = wrapper.xcdatamodel;
		};
/* End XCVersionGroup section */
	};
	rootObject = 6AFC67B72806877100E6EF56 /* Project object */;
}
